
Microsoft Visual Studio Solution File, Format Version 12.00
# Visual Studio 15
VisualStudioVersion = 15.0.28307.1145
MinimumVisualStudioVersion = 10.0.40219.1
Project("{FAE04EC0-301F-11D3-BF4B-00C04F79EFBC}") = "AppParcial2.Android", "AppParcial2\AppParcial2.Android\AppParcial2.Android.csproj", "{A4F9A506-8F88-4B3E-9271-5185D49AA277}"
EndProject
Project("{FAE04EC0-301F-11D3-BF4B-00C04F79EFBC}") = "AppParcial2.iOS", "AppParcial2\AppParcial2.iOS\AppParcial2.iOS.csproj", "{864A159A-3561-48A8-9C74-0FC58C86FABC}"
EndProject
Project("{FAE04EC0-301F-11D3-BF4B-00C04F79EFBC}") = "AppParcial2", "AppParcial2\AppParcial2\AppParcial2.csproj", "{9D8A3D51-AB4E-4451-BFE6-C2410E7FA0EC}"
EndProject
Global
	GlobalSection(SolutionConfigurationPlatforms) = preSolution
		Ad-Hoc|Any CPU = Ad-Hoc|Any CPU
		Ad-Hoc|iPhone = Ad-Hoc|iPhone
		Ad-Hoc|iPhoneSimulator = Ad-Hoc|iPhoneSimulator
		AppStore|Any CPU = AppStore|Any CPU
		AppStore|iPhone = AppStore|iPhone
		AppStore|iPhoneSimulator = AppStore|iPhoneSimulator
		Debug|Any CPU = Debug|Any CPU
		Debug|iPhone = Debug|iPhone
		Debug|iPhoneSimulator = Debug|iPhoneSimulator
		Release|Any CPU = Release|Any CPU
		Release|iPhone = Release|iPhone
		Release|iPhoneSimulator = Release|iPhoneSimulator
	EndGlobalSection
	GlobalSection(ProjectConfigurationPlatforms) = postSolution
		{A4F9A506-8F88-4B3E-9271-5185D49AA277}.Ad-Hoc|Any CPU.ActiveCfg = Release|Any CPU
		{A4F9A506-8F88-4B3E-9271-5185D49AA277}.Ad-Hoc|Any CPU.Build.0 = Release|Any CPU
		{A4F9A506-8F88-4B3E-9271-5185D49AA277}.Ad-Hoc|Any CPU.Deploy.0 = Release|Any CPU
		{A4F9A506-8F88-4B3E-9271-5185D49AA277}.Ad-Hoc|iPhone.ActiveCfg = Release|Any CPU
		{A4F9A506-8F88-4B3E-9271-5185D49AA277}.Ad-Hoc|iPhone.Build.0 = Release|Any CPU
		{A4F9A506-8F88-4B3E-9271-5185D49AA277}.Ad-Hoc|iPhone.Deploy.0 = Release|Any CPU
		{A4F9A506-8F88-4B3E-9271-5185D49AA277}.Ad-Hoc|iPhoneSimulator.ActiveCfg = Release|Any CPU
		{A4F9A506-8F88-4B3E-9271-5185D49AA277}.Ad-Hoc|iPhoneSimulator.Build.0 = Release|Any CPU
		{A4F9A506-8F88-4B3E-9271-5185D49AA277}.Ad-Hoc|iPhoneSimulator.Deploy.0 = Release|Any CPU
		{A4F9A506-8F88-4B3E-9271-5185D49AA277}.AppStore|Any CPU.ActiveCfg = Release|Any CPU
		{A4F9A506-8F88-4B3E-9271-5185D49AA277}.AppStore|Any CPU.Build.0 = Release|Any CPU
		{A4F9A506-8F88-4B3E-9271-5185D49AA277}.AppStore|Any CPU.Deploy.0 = Release|Any CPU
		{A4F9A506-8F88-4B3E-9271-5185D49AA277}.AppStore|iPhone.ActiveCfg = Release|Any CPU
		{A4F9A506-8F88-4B3E-9271-5185D49AA277}.AppStore|iPhone.Build.0 = Release|Any CPU
		{A4F9A506-8F88-4B3E-9271-5185D49AA277}.AppStore|iPhone.Deploy.0 = Release|Any CPU
		{A4F9A506-8F88-4B3E-9271-5185D49AA277}.AppStore|iPhoneSimulator.ActiveCfg = Release|Any CPU
		{A4F9A506-8F88-4B3E-9271-5185D49AA277}.AppStore|iPhoneSimulator.Build.0 = Release|Any CPU
		{A4F9A506-8F88-4B3E-9271-5185D49AA277}.AppStore|iPhoneSimulator.Deploy.0 = Release|Any CPU
		{A4F9A506-8F88-4B3E-9271-5185D49AA277}.Debug|Any CPU.ActiveCfg = Debug|Any CPU
		{A4F9A506-8F88-4B3E-9271-5185D49AA277}.Debug|Any CPU.Build.0 = Debug|Any CPU
		{A4F9A506-8F88-4B3E-9271-5185D49AA277}.Debug|Any CPU.Deploy.0 = Debug|Any CPU
		{A4F9A506-8F88-4B3E-9271-5185D49AA277}.Debug|iPhone.ActiveCfg = Debug|Any CPU
		{A4F9A506-8F88-4B3E-9271-5185D49AA277}.Debug|iPhone.Build.0 = Debug|Any CPU
		{A4F9A506-8F88-4B3E-9271-5185D49AA277}.Debug|iPhone.Deploy.0 = Debug|Any CPU
		{A4F9A506-8F88-4B3E-9271-5185D49AA277}.Debug|iPhoneSimulator.ActiveCfg = Debug|Any CPU
		{A4F9A506-8F88-4B3E-9271-5185D49AA277}.Debug|iPhoneSimulator.Build.0 = Debug|Any CPU
		{A4F9A506-8F88-4B3E-9271-5185D49AA277}.Debug|iPhoneSimulator.Deploy.0 = Debug|Any CPU
		{A4F9A506-8F88-4B3E-9271-5185D49AA277}.Release|Any CPU.ActiveCfg = Release|Any CPU
		{A4F9A506-8F88-4B3E-9271-5185D49AA277}.Release|Any CPU.Build.0 = Release|Any CPU
		{A4F9A506-8F88-4B3E-9271-5185D49AA277}.Release|Any CPU.Deploy.0 = Release|Any CPU
		{A4F9A506-8F88-4B3E-9271-5185D49AA277}.Release|iPhone.ActiveCfg = Release|Any CPU
		{A4F9A506-8F88-4B3E-9271-5185D49AA277}.Release|iPhone.Build.0 = Release|Any CPU
		{A4F9A506-8F88-4B3E-9271-5185D49AA277}.Release|iPhone.Deploy.0 = Release|Any CPU
		{A4F9A506-8F88-4B3E-9271-5185D49AA277}.Release|iPhoneSimulator.ActiveCfg = Release|Any CPU
		{A4F9A506-8F88-4B3E-9271-5185D49AA277}.Release|iPhoneSimulator.Build.0 = Release|Any CPU
		{A4F9A506-8F88-4B3E-9271-5185D49AA277}.Release|iPhoneSimulator.Deploy.0 = Release|Any CPU
		{864A159A-3561-48A8-9C74-0FC58C86FABC}.Ad-Hoc|Any CPU.ActiveCfg = Ad-Hoc|iPhone
		{864A159A-3561-48A8-9C74-0FC58C86FABC}.Ad-Hoc|Any CPU.Build.0 = Ad-Hoc|iPhone
		{864A159A-3561-48A8-9C74-0FC58C86FABC}.Ad-Hoc|Any CPU.Deploy.0 = Ad-Hoc|iPhone
		{864A159A-3561-48A8-9C74-0FC58C86FABC}.Ad-Hoc|iPhone.ActiveCfg = Ad-Hoc|iPhone
		{864A159A-3561-48A8-9C74-0FC58C86FABC}.Ad-Hoc|iPhone.Build.0 = Ad-Hoc|iPhone
		{864A159A-3561-48A8-9C74-0FC58C86FABC}.Ad-Hoc|iPhone.Deploy.0 = Ad-Hoc|iPhone
		{864A159A-3561-48A8-9C74-0FC58C86FABC}.Ad-Hoc|iPhoneSimulator.ActiveCfg = Ad-Hoc|iPhoneSimulator
		{864A159A-3561-48A8-9C74-0FC58C86FABC}.Ad-Hoc|iPhoneSimulator.Build.0 = Ad-Hoc|iPhoneSimulator
		{864A159A-3561-48A8-9C74-0FC58C86FABC}.Ad-Hoc|iPhoneSimulator.Deploy.0 = Ad-Hoc|iPhoneSimulator
		{864A159A-3561-48A8-9C74-0FC58C86FABC}.AppStore|Any CPU.ActiveCfg = AppStore|iPhone
		{864A159A-3561-48A8-9C74-0FC58C86FABC}.AppStore|Any CPU.Build.0 = AppStore|iPhone
		{864A159A-3561-48A8-9C74-0FC58C86FABC}.AppStore|Any CPU.Deploy.0 = AppStore|iPhone
		{864A159A-3561-48A8-9C74-0FC58C86FABC}.AppStore|iPhone.ActiveCfg = AppStore|iPhone
		{864A159A-3561-48A8-9C74-0FC58C86FABC}.AppStore|iPhone.Build.0 = AppStore|iPhone
		{864A159A-3561-48A8-9C74-0FC58C86FABC}.AppStore|iPhone.Deploy.0 = AppStore|iPhone
		{864A159A-3561-48A8-9C74-0FC58C86FABC}.AppStore|iPhoneSimulator.ActiveCfg = AppStore|iPhoneSimulator
		{864A159A-3561-48A8-9C74-0FC58C86FABC}.AppStore|iPhoneSimulator.Build.0 = AppStore|iPhoneSimulator
		{864A159A-3561-48A8-9C74-0FC58C86FABC}.AppStore|iPhoneSimulator.Deploy.0 = AppStore|iPhoneSimulator
		{864A159A-3561-48A8-9C74-0FC58C86FABC}.Debug|Any CPU.ActiveCfg = Debug|iPhoneSimulator
		{864A159A-3561-48A8-9C74-0FC58C86FABC}.Debug|Any CPU.Build.0 = Debug|iPhoneSimulator
		{864A159A-3561-48A8-9C74-0FC58C86FABC}.Debug|Any CPU.Deploy.0 = Debug|iPhoneSimulator
		{864A159A-3561-48A8-9C74-0FC58C86FABC}.Debug|iPhone.ActiveCfg = Debug|iPhone
		{864A159A-3561-48A8-9C74-0FC58C86FABC}.Debug|iPhone.Build.0 = Debug|iPhone
		{864A159A-3561-48A8-9C74-0FC58C86FABC}.Debug|iPhone.Deploy.0 = Debug|iPhone
		{864A159A-3561-48A8-9C74-0FC58C86FABC}.Debug|iPhoneSimulator.ActiveCfg = Debug|iPhoneSimulator
		{864A159A-3561-48A8-9C74-0FC58C86FABC}.Debug|iPhoneSimulator.Build.0 = Debug|iPhoneSimulator
		{864A159A-3561-48A8-9C74-0FC58C86FABC}.Debug|iPhoneSimulator.Deploy.0 = Debug|iPhoneSimulator
		{864A159A-3561-48A8-9C74-0FC58C86FABC}.Release|Any CPU.ActiveCfg = Release|iPhone
		{864A159A-3561-48A8-9C74-0FC58C86FABC}.Release|Any CPU.Build.0 = Release|iPhone
		{864A159A-3561-48A8-9C74-0FC58C86FABC}.Release|Any CPU.Deploy.0 = Release|iPhone
		{864A159A-3561-48A8-9C74-0FC58C86FABC}.Release|iPhone.ActiveCfg = Release|iPhone
		{864A159A-3561-48A8-9C74-0FC58C86FABC}.Release|iPhone.Build.0 = Release|iPhone
		{864A159A-3561-48A8-9C74-0FC58C86FABC}.Release|iPhone.Deploy.0 = Release|iPhone
		{864A159A-3561-48A8-9C74-0FC58C86FABC}.Release|iPhoneSimulator.ActiveCfg = Release|iPhoneSimulator
		{864A159A-3561-48A8-9C74-0FC58C86FABC}.Release|iPhoneSimulator.Build.0 = Release|iPhoneSimulator
		{864A159A-3561-48A8-9C74-0FC58C86FABC}.Release|iPhoneSimulator.Deploy.0 = Release|iPhoneSimulator
		{9D8A3D51-AB4E-4451-BFE6-C2410E7FA0EC}.Ad-Hoc|Any CPU.ActiveCfg = Debug|Any CPU
		{9D8A3D51-AB4E-4451-BFE6-C2410E7FA0EC}.Ad-Hoc|Any CPU.Build.0 = Debug|Any CPU
		{9D8A3D51-AB4E-4451-BFE6-C2410E7FA0EC}.Ad-Hoc|Any CPU.Deploy.0 = Debug|Any CPU
		{9D8A3D51-AB4E-4451-BFE6-C2410E7FA0EC}.Ad-Hoc|iPhone.ActiveCfg = Debug|Any CPU
		{9D8A3D51-AB4E-4451-BFE6-C2410E7FA0EC}.Ad-Hoc|iPhone.Build.0 = Debug|Any CPU
		{9D8A3D51-AB4E-4451-BFE6-C2410E7FA0EC}.Ad-Hoc|iPhone.Deploy.0 = Debug|Any CPU
		{9D8A3D51-AB4E-4451-BFE6-C2410E7FA0EC}.Ad-Hoc|iPhoneSimulator.ActiveCfg = Debug|Any CPU
		{9D8A3D51-AB4E-4451-BFE6-C2410E7FA0EC}.Ad-Hoc|iPhoneSimulator.Build.0 = Debug|Any CPU
		{9D8A3D51-AB4E-4451-BFE6-C2410E7FA0EC}.Ad-Hoc|iPhoneSimulator.Deploy.0 = Debug|Any CPU
		{9D8A3D51-AB4E-4451-BFE6-C2410E7FA0EC}.AppStore|Any CPU.ActiveCfg = Debug|Any CPU
		{9D8A3D51-AB4E-4451-BFE6-C2410E7FA0EC}.AppStore|Any CPU.Build.0 = Debug|Any CPU
		{9D8A3D51-AB4E-4451-BFE6-C2410E7FA0EC}.AppStore|Any CPU.Deploy.0 = Debug|Any CPU
		{9D8A3D51-AB4E-4451-BFE6-C2410E7FA0EC}.AppStore|iPhone.ActiveCfg = Debug|Any CPU
		{9D8A3D51-AB4E-4451-BFE6-C2410E7FA0EC}.AppStore|iPhone.Build.0 = Debug|Any CPU
		{9D8A3D51-AB4E-4451-BFE6-C2410E7FA0EC}.AppStore|iPhone.Deploy.0 = Debug|Any CPU
		{9D8A3D51-AB4E-4451-BFE6-C2410E7FA0EC}.AppStore|iPhoneSimulator.ActiveCfg = Debug|Any CPU
		{9D8A3D51-AB4E-4451-BFE6-C2410E7FA0EC}.AppStore|iPhoneSimulator.Build.0 = Debug|Any CPU
		{9D8A3D51-AB4E-4451-BFE6-C2410E7FA0EC}.AppStore|iPhoneSimulator.Deploy.0 = Debug|Any CPU
		{9D8A3D51-AB4E-4451-BFE6-C2410E7FA0EC}.Debug|Any CPU.ActiveCfg = Debug|Any CPU
		{9D8A3D51-AB4E-4451-BFE6-C2410E7FA0EC}.Debug|Any CPU.Build.0 = Debug|Any CPU
		{9D8A3D51-AB4E-4451-BFE6-C2410E7FA0EC}.Debug|Any CPU.Deploy.0 = Debug|Any CPU
		{9D8A3D51-AB4E-4451-BFE6-C2410E7FA0EC}.Debug|iPhone.ActiveCfg = Debug|Any CPU
		{9D8A3D51-AB4E-4451-BFE6-C2410E7FA0EC}.Debug|iPhone.Build.0 = Debug|Any CPU
		{9D8A3D51-AB4E-4451-BFE6-C2410E7FA0EC}.Debug|iPhone.Deploy.0 = Debug|Any CPU
		{9D8A3D51-AB4E-4451-BFE6-C2410E7FA0EC}.Debug|iPhoneSimulator.ActiveCfg = Debug|Any CPU
		{9D8A3D51-AB4E-4451-BFE6-C2410E7FA0EC}.Debug|iPhoneSimulator.Build.0 = Debug|Any CPU
		{9D8A3D51-AB4E-4451-BFE6-C2410E7FA0EC}.Debug|iPhoneSimulator.Deploy.0 = Debug|Any CPU
		{9D8A3D51-AB4E-4451-BFE6-C2410E7FA0EC}.Release|Any CPU.ActiveCfg = Release|Any CPU
		{9D8A3D51-AB4E-4451-BFE6-C2410E7FA0EC}.Release|Any CPU.Build.0 = Release|Any CPU
		{9D8A3D51-AB4E-4451-BFE6-C2410E7FA0EC}.Release|Any CPU.Deploy.0 = Release|Any CPU
		{9D8A3D51-AB4E-4451-BFE6-C2410E7FA0EC}.Release|iPhone.ActiveCfg = Release|Any CPU
		{9D8A3D51-AB4E-4451-BFE6-C2410E7FA0EC}.Release|iPhone.Build.0 = Release|Any CPU
		{9D8A3D51-AB4E-4451-BFE6-C2410E7FA0EC}.Release|iPhone.Deploy.0 = Release|Any CPU
		{9D8A3D51-AB4E-4451-BFE6-C2410E7FA0EC}.Release|iPhoneSimulator.ActiveCfg = Release|Any CPU
		{9D8A3D51-AB4E-4451-BFE6-C2410E7FA0EC}.Release|iPhoneSimulator.Build.0 = Release|Any CPU
		{9D8A3D51-AB4E-4451-BFE6-C2410E7FA0EC}.Release|iPhoneSimulator.Deploy.0 = Release|Any CPU
	EndGlobalSection
	GlobalSection(SolutionProperties) = preSolution
		HideSolutionNode = FALSE
	EndGlobalSection
	GlobalSection(ExtensibilityGlobals) = postSolution
		SolutionGuid = {E8E99B82-D8BC-468A-B76D-1C6D865AF986}
	EndGlobalSection
EndGlobal
